Microsoft Visual Studio Solution File, Format Version 12.00
# Visual Studio Version 16
VisualStudioVersion = 16.0.31424.327
MinimumVisualStudioVersion = 10.0.40219.1
Project("{FAE04EC0-301F-11D3-BF4B-00C04F79EFBC}") = "ScreenTurnOff", "ScreenTurnOff.csproj", "{4EBAC927-4177-4B32-92DB-21DE9CD4788D}"
EndProject
Global
	GlobalSection(SolutionConfigurationPlatforms) = preSolution
		Debug|Any CPU = Debug|Any CPU
		Release|Any CPU = Release|Any CPU
	EndGlobalSection
	GlobalSection(ProjectConfigurationPlatforms) = postSolution
		{4EBAC927-4177-4B32-92DB-21DE9CD4788D}.Debug|Any CPU.ActiveCfg = Debug|Any CPU
		{4EBAC927-4177-4B32-92DB-21DE9CD4788D}.Debug|Any CPU.Build.0 = Debug|Any CPU
		{4EBAC927-4177-4B32-92DB-21DE9CD4788D}.Release|Any CPU.ActiveCfg = Release|Any CPU
		{4EBAC927-4177-4B32-92DB-21DE9CD4788D}.Release|Any CPU.Build.0 = Release|Any CPU
	EndGlobalSection
	GlobalSection(SolutionProperties) = preSolution
		HideSolutionNode = FALSE
	EndGlobalSection
	GlobalSection(ExtensibilityGlobals) = postSolution
		SolutionGuid = {6A7753C9-A904-4BF4-A284-26C754ACE719}
	EndGlobalSection
EndGlobal
